<?xml version="1.0" encoding="utf-8"?>
<Project ToolsVersion="4.0" xmlns="http://schemas.microsoft.com/developer/msbuild/2003">
  <ItemGroup>
    <Filter Include="Lrean">
      <UniqueIdentifier>{ed2dcfb3-a72a-4a11-92db-e56a9f1833d6}</UniqueIdentifier>
    </Filter>
    <Filter Include="Project">
      <UniqueIdentifier>{97727502-575f-4a83-906d-e1a882c71472}</UniqueIdentifier>
    </Filter>
  </ItemGroup>
  <ItemGroup>
    <ClCompile Include="Day0.ReadMe">
      <Filter>Lrean</Filter>
    </ClCompile>
    <ClCompile Include="LreanFiles\Day1.cpp">
      <Filter>Lrean</Filter>
    </ClCompile>
    <ClCompile Include="LreanFiles\Day2.cpp">
      <Filter>Lrean</Filter>
    </ClCompile>
    <ClCompile Include="LreanFiles\Day3.cpp">
      <Filter>Lrean</Filter>
    </ClCompile>
    <ClCompile Include="LreanFiles\Day4.cpp">
      <Filter>Lrean</Filter>
    </ClCompile>
    <ClCompile Include="LreanFiles\Day5.cpp">
      <Filter>Lrean</Filter>
    </ClCompile>
  </ItemGroup>
</Project>